
Microsoft Visual Studio Solution File, Format Version 12.00
# Visual Studio Version 17
VisualStudioVersion = 17.3.32929.385
MinimumVisualStudioVersion = 10.0.40219.1
Project("{FAE04EC0-301F-11D3-BF4B-00C04F79EFBC}") = "Task1", "Task1\Task1.csproj", "{3718C3AA-2C19-46F1-872B-FC46F5F0DABB}"
EndProject
Global
	GlobalSection(SolutionConfigurationPlatforms) = preSolution
		Debug|Any CPU = Debug|Any CPU
		Release|Any CPU = Release|Any CPU
	EndGlobalSection
	GlobalSection(ProjectConfigurationPlatforms) = postSolution
		{3718C3AA-2C19-46F1-872B-FC46F5F0DABB}.Debug|Any CPU.ActiveCfg = Debug|Any CPU
		{3718C3AA-2C19-46F1-872B-FC46F5F0DABB}.Debug|Any CPU.Build.0 = Debug|Any CPU
		{3718C3AA-2C19-46F1-872B-FC46F5F0DABB}.Release|Any CPU.ActiveCfg = Release|Any CPU
		{3718C3AA-2C19-46F1-872B-FC46F5F0DABB}.Release|Any CPU.Build.0 = Release|Any CPU
	EndGlobalSection
	GlobalSection(SolutionProperties) = preSolution
		HideSolutionNode = FALSE
	EndGlobalSection
	GlobalSection(ExtensibilityGlobals) = postSolution
		SolutionGuid = {9528DB46-C902-4008-838D-CDC2F1AF60AF}
	EndGlobalSection
EndGlobal
